
Microsoft Visual Studio Solution File, Format Version 12.00
# Visual Studio 15
VisualStudioVersion = 15.0.28307.1145
MinimumVisualStudioVersion = 10.0.40219.1
Project("{FAE04EC0-301F-11D3-BF4B-00C04F79EFBC}") = "Anagram", "Anagram\Anagram.csproj", "{94BA89A5-7F85-4BE7-AC34-7EC6F4A060D4}"
EndProject
Project("{FAE04EC0-301F-11D3-BF4B-00C04F79EFBC}") = "UnitTestAnagram", "UnitTestAnagram\UnitTestAnagram.csproj", "{6B93068C-76AF-4039-ABCE-83D565E3EDD1}"
EndProject
Global
	GlobalSection(SolutionConfigurationPlatforms) = preSolution
		Debug|Any CPU = Debug|Any CPU
		Release|Any CPU = Release|Any CPU
	EndGlobalSection
	GlobalSection(ProjectConfigurationPlatforms) = postSolution
		{94BA89A5-7F85-4BE7-AC34-7EC6F4A060D4}.Debug|Any CPU.ActiveCfg = Debug|Any CPU
		{94BA89A5-7F85-4BE7-AC34-7EC6F4A060D4}.Debug|Any CPU.Build.0 = Debug|Any CPU
		{94BA89A5-7F85-4BE7-AC34-7EC6F4A060D4}.Release|Any CPU.ActiveCfg = Release|Any CPU
		{94BA89A5-7F85-4BE7-AC34-7EC6F4A060D4}.Release|Any CPU.Build.0 = Release|Any CPU
		{6B93068C-76AF-4039-ABCE-83D565E3EDD1}.Debug|Any CPU.ActiveCfg = Debug|Any CPU
		{6B93068C-76AF-4039-ABCE-83D565E3EDD1}.Debug|Any CPU.Build.0 = Debug|Any CPU
		{6B93068C-76AF-4039-ABCE-83D565E3EDD1}.Release|Any CPU.ActiveCfg = Release|Any CPU
		{6B93068C-76AF-4039-ABCE-83D565E3EDD1}.Release|Any CPU.Build.0 = Release|Any CPU
	EndGlobalSection
	GlobalSection(SolutionProperties) = preSolution
		HideSolutionNode = FALSE
	EndGlobalSection
	GlobalSection(ExtensibilityGlobals) = postSolution
		SolutionGuid = {DAB3999E-8DFF-4FE6-A198-90BCB334B539}
	EndGlobalSection
EndGlobal
